
Microsoft Visual Studio Solution File, Format Version 12.00
# Visual Studio 14
VisualStudioVersion = 14.0.25123.0
MinimumVisualStudioVersion = 10.0.40219.1
Project("{8BC9CEB8-8B4A-11D0-8D11-00A0C91BC942}") = "fllc", "fllc\fllc.vcxproj", "{D9287360-64A4-4AEB-B929-EE5EC328D9B5}"
EndProject
Project("{8BC9CEB8-8B4A-11D0-8D11-00A0C91BC942}") = "tests", "tests\tests.vcxproj", "{265281F2-2FA9-4801-8234-49EAC2F4D7D2}"
EndProject
Project("{2150E333-8FDC-42A3-9474-1A3956D46DE8}") = "Solution Items", "Solution Items", "{D2394657-E062-4E0D-BE5C-BD2F60D5AC95}"
	ProjectSection(SolutionItems) = preProject
		include\zconf.h = include\zconf.h
		include\zlib.h = include\zlib.h
		zlib128-dll.zip = zlib128-dll.zip
	EndProjectSection
EndProject
Project("{2150E333-8FDC-42A3-9474-1A3956D46DE8}") = "lib", "lib", "{EEA1DCBE-E6F1-4F93-9C6C-03C4D4E584DB}"
	ProjectSection(SolutionItems) = preProject
		lib\zdll.lib = lib\zdll.lib
		lib\zlib.def = lib\zlib.def
	EndProjectSection
EndProject
Global
	GlobalSection(Performance) = preSolution
		HasPerformanceSessions = true
	EndGlobalSection
	GlobalSection(SolutionConfigurationPlatforms) = preSolution
		Debug|x64 = Debug|x64
		Debug|x86 = Debug|x86
		Release|x64 = Release|x64
		Release|x86 = Release|x86
	EndGlobalSection
	GlobalSection(ProjectConfigurationPlatforms) = postSolution
		{D9287360-64A4-4AEB-B929-EE5EC328D9B5}.Debug|x64.ActiveCfg = Debug|x64
		{D9287360-64A4-4AEB-B929-EE5EC328D9B5}.Debug|x64.Build.0 = Debug|x64
		{D9287360-64A4-4AEB-B929-EE5EC328D9B5}.Debug|x86.ActiveCfg = Debug|Win32
		{D9287360-64A4-4AEB-B929-EE5EC328D9B5}.Debug|x86.Build.0 = Debug|Win32
		{D9287360-64A4-4AEB-B929-EE5EC328D9B5}.Release|x64.ActiveCfg = Release|x64
		{D9287360-64A4-4AEB-B929-EE5EC328D9B5}.Release|x64.Build.0 = Release|x64
		{D9287360-64A4-4AEB-B929-EE5EC328D9B5}.Release|x86.ActiveCfg = Release|Win32
		{D9287360-64A4-4AEB-B929-EE5EC328D9B5}.Release|x86.Build.0 = Release|Win32
		{265281F2-2FA9-4801-8234-49EAC2F4D7D2}.Debug|x64.ActiveCfg = Debug|x64
		{265281F2-2FA9-4801-8234-49EAC2F4D7D2}.Debug|x64.Build.0 = Debug|x64
		{265281F2-2FA9-4801-8234-49EAC2F4D7D2}.Debug|x86.ActiveCfg = Debug|Win32
		{265281F2-2FA9-4801-8234-49EAC2F4D7D2}.Debug|x86.Build.0 = Debug|Win32
		{265281F2-2FA9-4801-8234-49EAC2F4D7D2}.Release|x64.ActiveCfg = Release|x64
		{265281F2-2FA9-4801-8234-49EAC2F4D7D2}.Release|x64.Build.0 = Release|x64
		{265281F2-2FA9-4801-8234-49EAC2F4D7D2}.Release|x86.ActiveCfg = Release|Win32
		{265281F2-2FA9-4801-8234-49EAC2F4D7D2}.Release|x86.Build.0 = Release|Win32
	EndGlobalSection
	GlobalSection(SolutionProperties) = preSolution
		HideSolutionNode = FALSE
	EndGlobalSection
EndGlobal
